
Microsoft Visual Studio Solution File, Format Version 12.00
# Visual Studio Express 2012 for Windows Desktop
Project("{8BC9CEB8-8B4A-11D0-8D11-00A0C91BC942}") = "bynary1", "bynary1\bynary1.vcxproj", "{C169FABD-E7A5-46F7-9F7F-E094BF7A783D}"
EndProject
Global
	GlobalSection(SolutionConfigurationPlatforms) = preSolution
		Debug|Win32 = Debug|Win32
		Release|Win32 = Release|Win32
	EndGlobalSection
	GlobalSection(ProjectConfigurationPlatforms) = postSolution
		{C169FABD-E7A5-46F7-9F7F-E094BF7A783D}.Debug|Win32.ActiveCfg = Debug|Win32
		{C169FABD-E7A5-46F7-9F7F-E094BF7A783D}.Debug|Win32.Build.0 = Debug|Win32
		{C169FABD-E7A5-46F7-9F7F-E094BF7A783D}.Release|Win32.ActiveCfg = Release|Win32
		{C169FABD-E7A5-46F7-9F7F-E094BF7A783D}.Release|Win32.Build.0 = Release|Win32
	EndGlobalSection
	GlobalSection(SolutionProperties) = preSolution
		HideSolutionNode = FALSE
	EndGlobalSection
EndGlobal
